// !$*UTF8*$!
{
	archiveVersion = 1;
	classes = {
	};
	objectVersion = 46;
	objects = {

/* Begin PBXBuildFile section */
		5F1A6C031C9736DE00CDDAC9 /* Reachability.m in Sources */ = {isa = PBXBuildFile; fileRef = 5F1A6C021C9736DE00CDDAC9 /* Reachability.m */; };
		5F7979AE1C95E1AF0016D8CB /* Constants.swift in Sources */ = {isa = PBXBuildFile; fileRef = 5F7979AD1C95E1AF0016D8CB /* Constants.swift */; };
		5F7979B21C95E8040016D8CB /* MusicVideo.swift in Sources */ = {isa = PBXBuildFile; fileRef = 5F7979B11C95E8040016D8CB /* MusicVideo.swift */; };
		5F7AE7B11CBABC450079D5BB /* MusicVideoTableViewCell.swift in Sources */ = {isa = PBXBuildFile; fileRef = 5F7AE7B01CBABC450079D5BB /* MusicVideoTableViewCell.swift */; };
		5F886E041CC543E20075BB3B /* MusicVideoDetailVC.swift in Sources */ = {isa = PBXBuildFile; fileRef = 5F886E031CC543E20075BB3B /* MusicVideoDetailVC.swift */; };
		5F8E3ACC1CDA578500C31DCB /* SettingsTVC.swift in Sources */ = {isa = PBXBuildFile; fileRef = 5F8E3ACB1CDA578500C31DCB /* SettingsTVC.swift */; };
		5FAA80451CA99240001AFBBD /* MusicVideoTVC.swift in Sources */ = {isa = PBXBuildFile; fileRef = 5FAA80441CA99240001AFBBD /* MusicVideoTVC.swift */; };
		5FD821491C82D1B700092425 /* AppDelegate.swift in Sources */ = {isa = PBXBuildFile; fileRef = 5FD821481C82D1B700092425 /* AppDelegate.swift */; };
		5FD8214B1C82D1B700092425 /* ViewController.swift in Sources */ = {isa = PBXBuildFile; fileRef = 5FD8214A1C82D1B700092425 /* ViewController.swift */; };
		5FD8214E1C82D1B700092425 /* Main.storyboard in Resources */ = {isa = PBXBuildFile; fileRef = 5FD8214C1C82D1B700092425 /* Main.storyboard */; };
		5FD821501C82D1B700092425 /* Assets.xcassets in Resources */ = {isa = PBXBuildFile; fileRef = 5FD8214F1C82D1B700092425 /* Assets.xcassets */; };
		5FD821531C82D1B700092425 /* LaunchScreen.storyboard in Resources */ = {isa = PBXBuildFile; fileRef = 5FD821511C82D1B700092425 /* LaunchScreen.storyboard */; };
		5FD8215E1C82D1B700092425 /* Music_VideoTests.swift in Sources */ = {isa = PBXBuildFile; fileRef = 5FD8215D1C82D1B700092425 /* Music_VideoTests.swift */; };
		5FD821691C82D1B700092425 /* Music_VideoUITests.swift in Sources */ = {isa = PBXBuildFile; fileRef = 5FD821681C82D1B700092425 /* Music_VideoUITests.swift */; };
		5FDFE9E41C91A1EF00C53E79 /* APIManager.swift in Sources */ = {isa = PBXBuildFile; fileRef = 5FDFE9E31C91A1EF00C53E79 /* APIManager.swift */; };
/* End PBXBuildFile section */

/* Begin PBXContainerItemProxy section */
		5FD8215A1C82D1B700092425 /* PBXContainerItemProxy */ = {
			isa = PBXContainerItemProxy;
			containerPortal = 5FD8213D1C82D1B700092425 /* Project object */;
			proxyType = 1;
			remoteGlobalIDString = 5FD821441C82D1B700092425;
			remoteInfo = "Music Video";
		};
		5FD821651C82D1B700092425 /* PBXContainerItemProxy */ = {
			isa = PBXContainerItemProxy;
			containerPortal = 5FD8213D1C82D1B700092425 /* Project object */;
			proxyType = 1;
			remoteGlobalIDString = 5FD821441C82D1B700092425;
			remoteInfo = "Music Video";
		};
/* End PBXContainerItemProxy section */

/* Begin PBXFileReference section */
		5F1A6C001C9736DE00CDDAC9 /* Music Video-Bridging-Header.h */ = {isa = PBXFileReference; lastKnownFileType = sourcecode.c.h; path = "Music Video-Bridging-Header.h"; sourceTree = "<group>"; };
		5F1A6C011C9736DE00CDDAC9 /* Reachability.h */ = {isa = PBXFileReference; fileEncoding = 4; lastKnownFileType = sourcecode.c.h; path = Reachability.h; sourceTree = "<group>"; };
		5F1A6C021C9736DE00CDDAC9 /* Reachability.m */ = {isa = PBXFileReference; fileEncoding = 4; lastKnownFileType = sourcecode.c.objc; path = Reachability.m; sourceTree = "<group>"; };
		5F7979AD1C95E1AF0016D8CB /* Constants.swift */ = {isa = PBXFileReference; fileEncoding = 4; lastKnownFileType = sourcecode.swift; path = Constants.swift; sourceTree = "<group>"; };
		5F7979B11C95E8040016D8CB /* MusicVideo.swift */ = {isa = PBXFileReference; fileEncoding = 4; lastKnownFileType = sourcecode.swift; name = MusicVideo.swift; path = ../MusicVideo.swift; sourceTree = "<group>"; };
		5F7AE7B01CBABC450079D5BB /* MusicVideoTableViewCell.swift */ = {isa = PBXFileReference; fileEncoding = 4; lastKnownFileType = sourcecode.swift; path = MusicVideoTableViewCell.swift; sourceTree = "<group>"; };
		5F886E031CC543E20075BB3B /* MusicVideoDetailVC.swift */ = {isa = PBXFileReference; fileEncoding = 4; lastKnownFileType = sourcecode.swift; path = MusicVideoDetailVC.swift; sourceTree = "<group>"; };
		5F8E3ACB1CDA578500C31DCB /* SettingsTVC.swift */ = {isa = PBXFileReference; fileEncoding = 4; lastKnownFileType = sourcecode.swift; path = SettingsTVC.swift; sourceTree = "<group>"; };
		5FAA80441CA99240001AFBBD /* MusicVideoTVC.swift */ = {isa = PBXFileReference; fileEncoding = 4; lastKnownFileType = sourcecode.swift; path = MusicVideoTVC.swift; sourceTree = "<group>"; };
		5FD821451C82D1B700092425 /* Music Video.app */ = {isa = PBXFileReference; explicitFileType = wrapper.application; includeInIndex = 0; path = "Music Video.app"; sourceTree = BUILT_PRODUCTS_DIR; };
		5FD821481C82D1B700092425 /* AppDelegate.swift */ = {isa = PBXFileReference; lastKnownFileType = sourcecode.swift; path = AppDelegate.swift; sourceTree = "<group>"; };
		5FD8214A1C82D1B700092425 /* ViewController.swift */ = {isa = PBXFileReference; lastKnownFileType = sourcecode.swift; path = ViewController.swift; sourceTree = "<group>"; };
		5FD8214D1C82D1B700092425 /* Base */ = {isa = PBXFileReference; lastKnownFileType = file.storyboard; name = Base; path = Base.lproj/Main.storyboard; sourceTree = "<group>"; };
		5FD8214F1C82D1B700092425 /* Assets.xcassets */ = {isa = PBXFileReference; lastKnownFileType = folder.assetcatalog; path = Assets.xcassets; sourceTree = "<group>"; };
		5FD821521C82D1B700092425 /* Base */ = {isa = PBXFileReference; lastKnownFileType = file.storyboard; name = Base; path = Base.lproj/LaunchScreen.storyboard; sourceTree = "<group>"; };
		5FD821541C82D1B700092425 /* Info.plist */ = {isa = PBXFileReference; lastKnownFileType = text.plist.xml; path = Info.plist; sourceTree = "<group>"; };
		5FD821591C82D1B700092425 /* Music VideoTests.xctest */ = {isa = PBXFileReference; explicitFileType = wrapper.cfbundle; includeInIndex = 0; path = "Music VideoTests.xctest"; sourceTree = BUILT_PRODUCTS_DIR; };
		5FD8215D1C82D1B700092425 /* Music_VideoTests.swift */ = {isa = PBXFileReference; lastKnownFileType = sourcecode.swift; path = Music_VideoTests.swift; sourceTree = "<group>"; };
		5FD8215F1C82D1B700092425 /* Info.plist */ = {isa = PBXFileReference; lastKnownFileType = text.plist.xml; path = Info.plist; sourceTree = "<group>"; };
		5FD821641C82D1B700092425 /* Music VideoUITests.xctest */ = {isa = PBXFileReference; explicitFileType = wrapper.cfbundle; includeInIndex = 0; path = "Music VideoUITests.xctest"; sourceTree = BUILT_PRODUCTS_DIR; };
		5FD821681C82D1B700092425 /* Music_VideoUITests.swift */ = {isa = PBXFileReference; lastKnownFileType = sourcecode.swift; path = Music_VideoUITests.swift; sourceTree = "<group>"; };
		5FD8216A1C82D1B700092425 /* Info.plist */ = {isa = PBXFileReference; lastKnownFileType = text.plist.xml; path = Info.plist; sourceTree = "<group>"; };
		5FDFE9E31C91A1EF00C53E79 /* APIManager.swift */ = {isa = PBXFileReference; fileEncoding = 4; lastKnownFileType = sourcecode.swift; path = APIManager.swift; sourceTree = "<group>"; };
/* End PBXFileReference section */

/* Begin PBXFrameworksBuildPhase section */
		5FD821421C82D1B700092425 /* Frameworks */ = {
			isa = PBXFrameworksBuildPhase;
			buildActionMask = 2147483647;
			files = (
			);
			runOnlyForDeploymentPostprocessing = 0;
		};
		5FD821561C82D1B700092425 /* Frameworks */ = {
			isa = PBXFrameworksBuildPhase;
			buildActionMask = 2147483647;
			files = (
			);
			runOnlyForDeploymentPostprocessing = 0;
		};
		5FD821611C82D1B700092425 /* Frameworks */ = {
			isa = PBXFrameworksBuildPhase;
			buildActionMask = 2147483647;
			files = (
			);
			runOnlyForDeploymentPostprocessing = 0;
		};
/* End PBXFrameworksBuildPhase section */

/* Begin PBXGroup section */
		5F1A6BFF1C97363500CDDAC9 /* Obj-c */ = {
			isa = PBXGroup;
			children = (
				5F1A6C011C9736DE00CDDAC9 /* Reachability.h */,
				5F1A6C021C9736DE00CDDAC9 /* Reachability.m */,
				5F1A6C001C9736DE00CDDAC9 /* Music Video-Bridging-Header.h */,
			);
			name = "Obj-c";
			sourceTree = "<group>";
		};
		5F7979AC1C95E1910016D8CB /* Utills */ = {
			isa = PBXGroup;
			children = (
				5F7979AD1C95E1AF0016D8CB /* Constants.swift */,
			);
			name = Utills;
			sourceTree = "<group>";
		};
		5F83B1DD1C82DB7900064303 /* Model */ = {
			isa = PBXGroup;
			children = (
				5FDFE9E31C91A1EF00C53E79 /* APIManager.swift */,
				5F7979B11C95E8040016D8CB /* MusicVideo.swift */,
			);
			name = Model;
			sourceTree = "<group>";
		};
		5F83B1DE1C82DBAB00064303 /* View */ = {
			isa = PBXGroup;
			children = (
				5FD8214C1C82D1B700092425 /* Main.storyboard */,
				5FD821511C82D1B700092425 /* LaunchScreen.storyboard */,
			);
			name = View;
			sourceTree = "<group>";
		};
		5F83B1DF1C82DBC300064303 /* Supporting Files */ = {
			isa = PBXGroup;
			children = (
				5FD821481C82D1B700092425 /* AppDelegate.swift */,
				5FD821541C82D1B700092425 /* Info.plist */,
				5FD8214F1C82D1B700092425 /* Assets.xcassets */,
			);
			name = "Supporting Files";
			sourceTree = "<group>";
		};
		5F83B1E01C82DC0800064303 /* Controller */ = {
			isa = PBXGroup;
			children = (
				5FD8214A1C82D1B700092425 /* ViewController.swift */,
				5FAA80441CA99240001AFBBD /* MusicVideoTVC.swift */,
				5F7AE7B01CBABC450079D5BB /* MusicVideoTableViewCell.swift */,
				5F886E031CC543E20075BB3B /* MusicVideoDetailVC.swift */,
				5F8E3ACB1CDA578500C31DCB /* SettingsTVC.swift */,
			);
			name = Controller;
			sourceTree = "<group>";
		};
		5FD8213C1C82D1B700092425 = {
			isa = PBXGroup;
			children = (
				5FD821471C82D1B700092425 /* Music Video */,
				5FD8215C1C82D1B700092425 /* Music VideoTests */,
				5FD821671C82D1B700092425 /* Music VideoUITests */,
				5FD821461C82D1B700092425 /* Products */,
			);
			sourceTree = "<group>";
		};
		5FD821461C82D1B700092425 /* Products */ = {
			isa = PBXGroup;
			children = (
				5FD821451C82D1B700092425 /* Music Video.app */,
				5FD821591C82D1B700092425 /* Music VideoTests.xctest */,
				5FD821641C82D1B700092425 /* Music VideoUITests.xctest */,
			);
			name = Products;
			sourceTree = "<group>";
		};
		5FD821471C82D1B700092425 /* Music Video */ = {
			isa = PBXGroup;
			children = (
				5F1A6BFF1C97363500CDDAC9 /* Obj-c */,
				5F7979AC1C95E1910016D8CB /* Utills */,
				5F83B1DF1C82DBC300064303 /* Supporting Files */,
				5F83B1DD1C82DB7900064303 /* Model */,
				5F83B1E01C82DC0800064303 /* Controller */,
				5F83B1DE1C82DBAB00064303 /* View */,
			);
			path = "Music Video";
			sourceTree = "<group>";
		};
		5FD8215C1C82D1B700092425 /* Music VideoTests */ = {
			isa = PBXGroup;
			children = (
				5FD8215D1C82D1B700092425 /* Music_VideoTests.swift */,
				5FD8215F1C82D1B700092425 /* Info.plist */,
			);
			path = "Music VideoTests";
			sourceTree = "<group>";
		};
		5FD821671C82D1B700092425 /* Music VideoUITests */ = {
			isa = PBXGroup;
			children = (
				5FD821681C82D1B700092425 /* Music_VideoUITests.swift */,
				5FD8216A1C82D1B700092425 /* Info.plist */,
			);
			path = "Music VideoUITests";
			sourceTree = "<group>";
		};
/* End PBXGroup section */

/* Begin PBXNativeTarget section */
		5FD821441C82D1B700092425 /* Music Video */ = {
			isa = PBXNativeTarget;
			buildConfigurationList = 5FD8216D1C82D1B700092425 /* Build configuration list for PBXNativeTarget "Music Video" */;
			buildPhases = (
				5FD821411C82D1B700092425 /* Sources */,
				5FD821421C82D1B700092425 /* Frameworks */,
				5FD821431C82D1B700092425 /* Resources */,
			);
			buildRules = (
			);
			dependencies = (
			);
			name = "Music Video";
			productName = "Music Video";
			productReference = 5FD821451C82D1B700092425 /* Music Video.app */;
			productType = "com.apple.product-type.application";
		};
		5FD821581C82D1B700092425 /* Music VideoTests */ = {
			isa = PBXNativeTarget;
			buildConfigurationList = 5FD821701C82D1B700092425 /* Build configuration list for PBXNativeTarget "Music VideoTests" */;
			buildPhases = (
				5FD821551C82D1B700092425 /* Sources */,
				5FD821561C82D1B700092425 /* Frameworks */,
				5FD821571C82D1B700092425 /* Resources */,
			);
			buildRules = (
			);
			dependencies = (
				5FD8215B1C82D1B700092425 /* PBXTargetDependency */,
			);
			name = "Music VideoTests";
			productName = "Music VideoTests";
			productReference = 5FD821591C82D1B700092425 /* Music VideoTests.xctest */;
			productType = "com.apple.product-type.bundle.unit-test";
		};
		5FD821631C82D1B700092425 /* Music VideoUITests */ = {
			isa = PBXNativeTarget;
			buildConfigurationList = 5FD821731C82D1B700092425 /* Build configuration list for PBXNativeTarget "Music VideoUITests" */;
			buildPhases = (
				5FD821601C82D1B700092425 /* Sources */,
				5FD821611C82D1B700092425 /* Frameworks */,
				5FD821621C82D1B700092425 /* Resources */,
			);
			buildRules = (
			);
			dependencies = (
				5FD821661C82D1B700092425 /* PBXTargetDependency */,
			);
			name = "Music VideoUITests";
			productName = "Music VideoUITests";
			productReference = 5FD821641C82D1B700092425 /* Music VideoUITests.xctest */;
			productType = "com.apple.product-type.bundle.ui-testing";
		};
/* End PBXNativeTarget section */

/* Begin PBXProject section */
		5FD8213D1C82D1B700092425 /* Project object */ = {
			isa = PBXProject;
			attributes = {
				LastSwiftUpdateCheck = 0720;
				LastUpgradeCheck = 0720;
				ORGANIZATIONNAME = "Emir haktan Ozturk";
				TargetAttributes = {
					5FD821441C82D1B700092425 = {
						CreatedOnToolsVersion = 7.2.1;
						DevelopmentTeam = 2U24XU78L9;
						LastSwiftMigration = 0800;
					};
					5FD821581C82D1B700092425 = {
						CreatedOnToolsVersion = 7.2.1;
						DevelopmentTeam = 2U24XU78L9;
						LastSwiftMigration = 0800;
						TestTargetID = 5FD821441C82D1B700092425;
					};
					5FD821631C82D1B700092425 = {
						CreatedOnToolsVersion = 7.2.1;
						DevelopmentTeam = 2U24XU78L9;
						LastSwiftMigration = 0800;
						TestTargetID = 5FD821441C82D1B700092425;
					};
				};
			};
			buildConfigurationList = 5FD821401C82D1B700092425 /* Build configuration list for PBXProject "Music Video" */;
			compatibilityVersion = "Xcode 3.2";
			developmentRegion = English;
			hasScannedForEncodings = 0;
			knownRegions = (
				en,
				Base,
			);
			mainGroup = 5FD8213C1C82D1B700092425;
			productRefGroup = 5FD821461C82D1B700092425 /* Products */;
			projectDirPath = "";
			projectRoot = "";
			targets = (
				5FD821441C82D1B700092425 /* Music Video */,
				5FD821581C82D1B700092425 /* Music VideoTests */,
				5FD821631C82D1B700092425 /* Music VideoUITests */,
			);
		};
/* End PBXProject section */

/* Begin PBXResourcesBuildPhase section */
		5FD821431C82D1B700092425 /* Resources */ = {
			isa = PBXResourcesBuildPhase;
			buildActionMask = 2147483647;
			files = (
				5FD821531C82D1B700092425 /* LaunchScreen.storyboard in Resources */,
				5FD821501C82D1B700092425 /* Assets.xcassets in Resources */,
				5FD8214E1C82D1B700092425 /* Main.storyboard in Resources */,
			);
			runOnlyForDeploymentPostprocessing = 0;
		};
		5FD821571C82D1B700092425 /* Resources */ = {
			isa = PBXResourcesBuildPhase;
			buildActionMask = 2147483647;
			files = (
			);
			runOnlyForDeploymentPostprocessing = 0;
		};
		5FD821621C82D1B700092425 /* Resources */ = {
			isa = PBXResourcesBuildPhase;
			buildActionMask = 2147483647;
			files = (
			);
			runOnlyForDeploymentPostprocessing = 0;
		};
/* End PBXResourcesBuildPhase section */

/* Begin PBXSourcesBuildPhase section */
		5FD821411C82D1B700092425 /* Sources */ = {
			isa = PBXSourcesBuildPhase;
			buildActionMask = 2147483647;
			files = (
				5FDFE9E41C91A1EF00C53E79 /* APIManager.swift in Sources */,
				5F886E041CC543E20075BB3B /* MusicVideoDetailVC.swift in Sources */,
				5FD8214B1C82D1B700092425 /* ViewController.swift in Sources */,
				5F7979B21C95E8040016D8CB /* MusicVideo.swift in Sources */,
				5F7AE7B11CBABC450079D5BB /* MusicVideoTableViewCell.swift in Sources */,
				5FD821491C82D1B700092425 /* AppDelegate.swift in Sources */,
				5F1A6C031C9736DE00CDDAC9 /* Reachability.m in Sources */,
				5F7979AE1C95E1AF0016D8CB /* Constants.swift in Sources */,
				5F8E3ACC1CDA578500C31DCB /* SettingsTVC.swift in Sources */,
				5FAA80451CA99240001AFBBD /* MusicVideoTVC.swift in Sources */,
			);
			runOnlyForDeploymentPostprocessing = 0;
		};
		5FD821551C82D1B700092425 /* Sources */ = {
			isa = PBXSourcesBuildPhase;
			buildActionMask = 2147483647;
			files = (
				5FD8215E1C82D1B700092425 /* Music_VideoTests.swift in Sources */,
			);
			runOnlyForDeploymentPostprocessing = 0;
		};
		5FD821601C82D1B700092425 /* Sources */ = {
			isa = PBXSourcesBuildPhase;
			buildActionMask = 2147483647;
			files = (
				5FD821691C82D1B700092425 /* Music_VideoUITests.swift in Sources */,
			);
			runOnlyForDeploymentPostprocessing = 0;
		};
/* End PBXSourcesBuildPhase section */

/* Begin PBXTargetDependency section */
		5FD8215B1C82D1B700092425 /* PBXTargetDependency */ = {
			isa = PBXTargetDependency;
			target = 5FD821441C82D1B700092425 /* Music Video */;
			targetProxy = 5FD8215A1C82D1B700092425 /* PBXContainerItemProxy */;
		};
		5FD821661C82D1B700092425 /* PBXTargetDependency */ = {
			isa = PBXTargetDependency;
			target = 5FD821441C82D1B700092425 /* Music Video */;
			targetProxy = 5FD821651C82D1B700092425 /* PBXContainerItemProxy */;
		};
/* End PBXTargetDependency section */

/* Begin PBXVariantGroup section */
		5FD8214C1C82D1B700092425 /* Main.storyboard */ = {
			isa = PBXVariantGroup;
			children = (
				5FD8214D1C82D1B700092425 /* Base */,
			);
			name = Main.storyboard;
			sourceTree = "<group>";
		};
		5FD821511C82D1B700092425 /* LaunchScreen.storyboard */ = {
			isa = PBXVariantGroup;
			children = (
				5FD821521C82D1B700092425 /* Base */,
			);
			name = LaunchScreen.storyboard;
			sourceTree = "<group>";
		};
/* End PBXVariantGroup section */

/* Begin XCBuildConfiguration section */
		5FD8216B1C82D1B700092425 /* Debug */ = {
			isa = XCBuildConfiguration;
			buildSettings = {
				ALWAYS_SEARCH_USER_PATHS = NO;
				CLANG_CXX_LANGUAGE_STANDARD = "gnu++0x";
				CLANG_CXX_LIBRARY = "libc++";
				CLANG_ENABLE_MODULES = YES;
				CLANG_ENABLE_OBJC_ARC = YES;
				CLANG_WARN_BOOL_CONVERSION = YES;
				CLANG_WARN_CONSTANT_CONVERSION = YES;
				CLANG_WARN_DIRECT_OBJC_ISA_USAGE = YES_ERROR;
				CLANG_WARN_EMPTY_BODY = YES;
				CLANG_WARN_ENUM_CONVERSION = YES;
				CLANG_WARN_INT_CONVERSION = YES;
				CLANG_WARN_OBJC_ROOT_CLASS = YES_ERROR;
				CLANG_WARN_UNREACHABLE_CODE = YES;
				CLANG_WARN__DUPLICATE_METHOD_MATCH = YES;
				"CODE_SIGN_IDENTITY[sdk=iphoneos*]" = "iPhone Developer";
				COPY_PHASE_STRIP = NO;
				DEBUG_INFORMATION_FORMAT = dwarf;
				ENABLE_STRICT_OBJC_MSGSEND = YES;
				ENABLE_TESTABILITY = YES;
				GCC_C_LANGUAGE_STANDARD = gnu99;
				GCC_DYNAMIC_NO_PIC = NO;
				GCC_NO_COMMON_BLOCKS = YES;
				GCC_OPTIMIZATION_LEVEL = 0;
				GCC_PREPROCESSOR_DEFINITIONS = (
					"DEBUG=1",
					"$(inherited)",
				);
				GCC_WARN_64_TO_32_BIT_CONVERSION = YES;
				GCC_WARN_ABOUT_RETURN_TYPE = YES_ERROR;
				GCC_WARN_UNDECLARED_SELECTOR = YES;
				GCC_WARN_UNINITIALIZED_AUTOS = YES_AGGRESSIVE;
				GCC_WARN_UNUSED_FUNCTION = YES;
				GCC_WARN_UNUSED_VARIABLE = YES;
				IPHONEOS_DEPLOYMENT_TARGET = 9.2;
				MTL_ENABLE_DEBUG_INFO = YES;
				ONLY_ACTIVE_ARCH = YES;
				SDKROOT = iphoneos;
				SWIFT_OPTIMIZATION_LEVEL = "-Onone";
				TARGETED_DEVICE_FAMILY = "1,2";
			};
			name = Debug;
		};
		5FD8216C1C82D1B700092425 /* Release */ = {
			isa = XCBuildConfiguration;
			buildSettings = {
				ALWAYS_SEARCH_USER_PATHS = NO;
				CLANG_CXX_LANGUAGE_STANDARD = "gnu++0x";
				CLANG_CXX_LIBRARY = "libc++";
				CLANG_ENABLE_MODULES = YES;
				CLANG_ENABLE_OBJC_ARC = YES;
				CLANG_WARN_BOOL_CONVERSION = YES;
				CLANG_WARN_CONSTANT_CONVERSION = YES;
				CLANG_WARN_DIRECT_OBJC_ISA_USAGE = YES_ERROR;
				CLANG_WARN_EMPTY_BODY = YES;
				CLANG_WARN_ENUM_CONVERSION = YES;
				CLANG_WARN_INT_CONVERSION = YES;
				CLANG_WARN_OBJC_ROOT_CLASS = YES_ERROR;
				CLANG_WARN_UNREACHABLE_CODE = YES;
				CLANG_WARN__DUPLICATE_METHOD_MATCH = YES;
				"CODE_SIGN_IDENTITY[sdk=iphoneos*]" = "iPhone Developer";
				COPY_PHASE_STRIP = NO;
				DEBUG_INFORMATION_FORMAT = "dwarf-with-dsym";
				ENABLE_NS_ASSERTIONS = NO;
				ENABLE_STRICT_OBJC_MSGSEND = YES;
				GCC_C_LANGUAGE_STANDARD = gnu99;
				GCC_NO_COMMON_BLOCKS = YES;
				GCC_WARN_64_TO_32_BIT_CONVERSION = YES;
				GCC_WARN_ABOUT_RETURN_TYPE = YES_ERROR;
				GCC_WARN_UNDECLARED_SELECTOR = YES;
				GCC_WARN_UNINITIALIZED_AUTOS = YES_AGGRESSIVE;
				GCC_WARN_UNUSED_FUNCTION = YES;
				GCC_WARN_UNUSED_VARIABLE = YES;
				IPHONEOS_DEPLOYMENT_TARGET = 9.2;
				MTL_ENABLE_DEBUG_INFO = NO;
				SDKROOT = iphoneos;
				TARGETED_DEVICE_FAMILY = "1,2";
				VALIDATE_PRODUCT = YES;
			};
			name = Release;
		};
		5FD8216E1C82D1B700092425 /* Debug */ = {
			isa = XCBuildConfiguration;
			buildSettings = {
				ASSETCATALOG_COMPILER_APPICON_NAME = AppIcon;
				CLANG_ENABLE_MODULES = YES;
				INFOPLIST_FILE = "Music Video/Info.plist";
				LD_RUNPATH_SEARCH_PATHS = "$(inherited) @executable_path/Frameworks";
				PRODUCT_BUNDLE_IDENTIFIER = "com.test.Music-Video";
				PRODUCT_NAME = "$(TARGET_NAME)";
				SWIFT_OBJC_BRIDGING_HEADER = "Music Video/Music Video-Bridging-Header.h";
				SWIFT_OPTIMIZATION_LEVEL = "-Onone";
				SWIFT_VERSION = 3.0;
			};
			name = Debug;
		};
		5FD8216F1C82D1B700092425 /* Release */ = {
			isa = XCBuildConfiguration;
			buildSettings = {
				ASSETCATALOG_COMPILER_APPICON_NAME = AppIcon;
				CLANG_ENABLE_MODULES = YES;
				INFOPLIST_FILE = "Music Video/Info.plist";
				LD_RUNPATH_SEARCH_PATHS = "$(inherited) @executable_path/Frameworks";
				PRODUCT_BUNDLE_IDENTIFIER = "com.test.Music-Video";
				PRODUCT_NAME = "$(TARGET_NAME)";
				SWIFT_OBJC_BRIDGING_HEADER = "Music Video/Music Video-Bridging-Header.h";
				SWIFT_VERSION = 3.0;
			};
			name = Release;
		};
		5FD821711C82D1B700092425 /* Debug */ = {
			isa = XCBuildConfiguration;
			buildSettings = {
				BUNDLE_LOADER = "$(TEST_HOST)";
				INFOPLIST_FILE = "Music VideoTests/Info.plist";
				LD_RUNPATH_SEARCH_PATHS = "$(inherited) @executable_path/Frameworks @loader_path/Frameworks";
				PRODUCT_BUNDLE_IDENTIFIER = "com.test.Music-VideoTests";
				PRODUCT_NAME = "$(TARGET_NAME)";
				SWIFT_VERSION = 3.0;
				TEST_HOST = "$(BUILT_PRODUCTS_DIR)/Music Video.app/Music Video";
			};
			name = Debug;
		};
		5FD821721C82D1B700092425 /* Release */ = {
			isa = XCBuildConfiguration;
			buildSettings = {
				BUNDLE_LOADER = "$(TEST_HOST)";
				INFOPLIST_FILE = "Music VideoTests/Info.plist";
				LD_RUNPATH_SEARCH_PATHS = "$(inherited) @executable_path/Frameworks @loader_path/Frameworks";
				PRODUCT_BUNDLE_IDENTIFIER = "com.test.Music-VideoTests";
				PRODUCT_NAME = "$(TARGET_NAME)";
				SWIFT_VERSION = 3.0;
				TEST_HOST = "$(BUILT_PRODUCTS_DIR)/Music Video.app/Music Video";
			};
			name = Release;
		};
		5FD821741C82D1B700092425 /* Debug */ = {
			isa = XCBuildConfiguration;
			buildSettings = {
				INFOPLIST_FILE = "Music VideoUITests/Info.plist";
				LD_RUNPATH_SEARCH_PATHS = "$(inherited) @executable_path/Frameworks @loader_path/Frameworks";
				PRODUCT_BUNDLE_IDENTIFIER = "com.test.Music-VideoUITests";
				PRODUCT_NAME = "$(TARGET_NAME)";
				SWIFT_VERSION = 3.0;
				TEST_TARGET_NAME = "Music Video";
				USES_XCTRUNNER = YES;
			};
			name = Debug;
		};
		5FD821751C82D1B700092425 /* Release */ = {
			isa = XCBuildConfiguration;
			buildSettings = {
				INFOPLIST_FILE = "Music VideoUITests/Info.plist";
				LD_RUNPATH_SEARCH_PATHS = "$(inherited) @executable_path/Frameworks @loader_path/Frameworks";
				PRODUCT_BUNDLE_IDENTIFIER = "com.test.Music-VideoUITests";
				PRODUCT_NAME = "$(TARGET_NAME)";
				SWIFT_VERSION = 3.0;
				TEST_TARGET_NAME = "Music Video";
				USES_XCTRUNNER = YES;
			};
			name = Release;
		};
/* End XCBuildConfiguration section */

/* Begin XCConfigurationList section */
		5FD821401C82D1B700092425 /* Build configuration list for PBXProject "Music Video" */ = {
			isa = XCConfigurationList;
			buildConfigurations = (
				5FD8216B1C82D1B700092425 /* Debug */,
				5FD8216C1C82D1B700092425 /* Release */,
			);
			defaultConfigurationIsVisible = 0;
			defaultConfigurationName = Release;
		};
		5FD8216D1C82D1B700092425 /* Build configuration list for PBXNativeTarget "Music Video" */ = {
			isa = XCConfigurationList;
			buildConfigurations = (
				5FD8216E1C82D1B700092425 /* Debug */,
				5FD8216F1C82D1B700092425 /* Release */,
			);
			defaultConfigurationIsVisible = 0;
			defaultConfigurationName = Release;
		};
		5FD821701C82D1B700092425 /* Build configuration list for PBXNativeTarget "Music VideoTests" */ = {
			isa = XCConfigurationList;
			buildConfigurations = (
				5FD821711C82D1B700092425 /* Debug */,
				5FD821721C82D1B700092425 /* Release */,
			);
			defaultConfigurationIsVisible = 0;
			defaultConfigurationName = Release;
		};
		5FD821731C82D1B700092425 /* Build configuration list for PBXNativeTarget "Music VideoUITests" */ = {
			isa = XCConfigurationList;
			buildConfigurations = (
				5FD821741C82D1B700092425 /* Debug */,
				5FD821751C82D1B700092425 /* Release */,
			);
			defaultConfigurationIsVisible = 0;
			defaultConfigurationName = Release;
		};
/* End XCConfigurationList section */
	};
	rootObject = 5FD8213D1C82D1B700092425 /* Project object */;
}
